
Microsoft Visual Studio Solution File, Format Version 12.00
# Visual Studio Version 17
VisualStudioVersion = 17.7.34024.191
MinimumVisualStudioVersion = 10.0.40219.1
Project("{FAE04EC0-301F-11D3-BF4B-00C04F79EFBC}") = "Projects", "Projects\Projects.csproj", "{721C41F8-7512-4535-9FCC-96DE4821BC09}"
EndProject
Global
	GlobalSection(SolutionConfigurationPlatforms) = preSolution
		Debug|Any CPU = Debug|Any CPU
		Release|Any CPU = Release|Any CPU
	EndGlobalSection
	GlobalSection(ProjectConfigurationPlatforms) = postSolution
		{721C41F8-7512-4535-9FCC-96DE4821BC09}.Debug|Any CPU.ActiveCfg = Debug|Any CPU
		{721C41F8-7512-4535-9FCC-96DE4821BC09}.Debug|Any CPU.Build.0 = Debug|Any CPU
		{721C41F8-7512-4535-9FCC-96DE4821BC09}.Release|Any CPU.ActiveCfg = Release|Any CPU
		{721C41F8-7512-4535-9FCC-96DE4821BC09}.Release|Any CPU.Build.0 = Release|Any CPU
	EndGlobalSection
	GlobalSection(SolutionProperties) = preSolution
		HideSolutionNode = FALSE
	EndGlobalSection
	GlobalSection(ExtensibilityGlobals) = postSolution
		SolutionGuid = {82B758E4-5804-4E3C-A9BD-1E2BCA12E137}
	EndGlobalSection
EndGlobal
